<?xml version="1.0" encoding="utf-8"?>
<Project ToolsVersion="4.0" xmlns="http://schemas.microsoft.com/developer/msbuild/2003">
  <ItemGroup>
    <Filter Include="Arquivos de Origem">
      <UniqueIdentifier>{4FC737F1-C7A5-4376-A066-2A32D752A2FF}</UniqueIdentifier>
      <Extensions>cpp;c;cc;cxx;c++;cppm;ixx;def;odl;idl;hpj;bat;asm;asmx</Extensions>
    </Filter>
    <Filter Include="Arquivos de Cabeçalho">
      <UniqueIdentifier>{93995380-89BD-4b04-88EB-625FBE52EBFB}</UniqueIdentifier>
      <Extensions>h;hh;hpp;hxx;h++;hm;inl;inc;ipp;xsd</Extensions>
    </Filter>
    <Filter Include="Arquivos de Recurso">
      <UniqueIdentifier>{67DA6AB6-F800-4c08-8B7A-83BB121AAD01}</UniqueIdentifier>
      <Extensions>rc;ico;cur;bmp;dlg;rc2;rct;bin;rgs;gif;jpg;jpeg;jpe;resx;tiff;tif;png;wav;mfcribbon-ms</Extensions>
    </Filter>
    <Filter Include="Arquivos de Cabeçalho\Managers">
      <UniqueIdentifier>{f9844654-87a9-4af1-aaed-dbd0d547bfc8}</UniqueIdentifier>
    </Filter>
    <Filter Include="Arquivos de Cabeçalho\Math">
      <UniqueIdentifier>{adb35ff4-8629-4db1-ad52-63873e6ec385}</UniqueIdentifier>
    </Filter>
    <Filter Include="Arquivos de Origem\Managers">
      <UniqueIdentifier>{677c218a-9452-47b5-9988-f3e11c57d2e4}</UniqueIdentifier>
    </Filter>
    <Filter Include="Arquivos de Origem\Entities">
      <UniqueIdentifier>{37004620-0469-40f5-990a-bba1d7a6dc9b}</UniqueIdentifier>
    </Filter>
    <Filter Include="Arquivos de Cabeçalho\Entities">
      <UniqueIdentifier>{4a2bc212-33b8-4285-892c-aaab910cc630}</UniqueIdentifier>
    </Filter>
    <Filter Include="Arquivos de Cabeçalho\Entities\Characters">
      <UniqueIdentifier>{4a145419-cbca-4b7a-8732-2b49553ba826}</UniqueIdentifier>
    </Filter>
    <Filter Include="Arquivos de Cabeçalho\Entities\Characters\Enemies">
      <UniqueIdentifier>{4e4cf58a-5d27-4805-8959-302a4e19b760}</UniqueIdentifier>
    </Filter>
    <Filter Include="Arquivos de Origem\Entities\Characters">
      <UniqueIdentifier>{02ef0cb3-26ee-46fb-ac35-cc053c1c37a6}</UniqueIdentifier>
    </Filter>
    <Filter Include="Arquivos de Origem\Entities\Characters\Enemies">
      <UniqueIdentifier>{e94bd381-0d45-488f-9dae-9022b90a6401}</UniqueIdentifier>
    </Filter>
    <Filter Include="Arquivos de Cabeçalho\Control">
      <UniqueIdentifier>{69d4da92-8ead-4d26-bb97-80396971585c}</UniqueIdentifier>
    </Filter>
    <Filter Include="Arquivos de Origem\Control">
      <UniqueIdentifier>{155537fe-1afd-4972-bd6c-e42ee4f4042d}</UniqueIdentifier>
    </Filter>
    <Filter Include="Arquivos de Cabeçalho\GraphicalElements">
      <UniqueIdentifier>{2f892dfd-7b67-4ec0-a7ca-c180917219f2}</UniqueIdentifier>
    </Filter>
    <Filter Include="Arquivos de Origem\GraphicalElements">
      <UniqueIdentifier>{23276769-e052-4caa-b3b4-2a394d2f51e7}</UniqueIdentifier>
    </Filter>
    <Filter Include="Arquivos de Cabeçalho\Entities\Obstacles">
      <UniqueIdentifier>{68ac23b6-c77a-4d23-ac21-82befdbaab27}</UniqueIdentifier>
    </Filter>
    <Filter Include="Arquivos de Origem\Entities\Obstacles">
      <UniqueIdentifier>{629bfbcf-efcf-4635-898e-ffe3a2a3bc39}</UniqueIdentifier>
    </Filter>
    <Filter Include="Arquivos de Cabeçalho\List">
      <UniqueIdentifier>{efb03e48-60a7-49ee-9621-f755a9b56aee}</UniqueIdentifier>
    </Filter>
    <Filter Include="Arquivos de Cabeçalho\States">
      <UniqueIdentifier>{e11b03d4-65f5-437b-8ae8-966ffce66560}</UniqueIdentifier>
    </Filter>
    <Filter Include="Arquivos de Origem\States">
      <UniqueIdentifier>{485a37fc-0656-49d0-bd92-9ef17d17bee7}</UniqueIdentifier>
    </Filter>
    <Filter Include="Arquivos de Origem\List">
      <UniqueIdentifier>{64306c6b-5ff6-4b46-bc6a-a72912ee90a4}</UniqueIdentifier>
    </Filter>
  </ItemGroup>
  <ItemGroup>
    <ClCompile Include="main.cpp">
      <Filter>Arquivos de Origem</Filter>
    </ClCompile>
    <ClCompile Include="graphicmanager.cpp">
      <Filter>Arquivos de Origem\Managers</Filter>
    </ClCompile>
    <ClCompile Include="ent.cpp">
      <Filter>Arquivos de Origem</Filter>
    </ClCompile>
    <ClCompile Include="entity.cpp">
      <Filter>Arquivos de Origem\Entities</Filter>
    </ClCompile>
    <ClCompile Include="movingentity.cpp">
      <Filter>Arquivos de Origem\Entities</Filter>
    </ClCompile>
    <ClCompile Include="character.cpp">
      <Filter>Arquivos de Origem\Entities\Characters</Filter>
    </ClCompile>
    <ClCompile Include="player.cpp">
      <Filter>Arquivos de Origem\Entities\Characters</Filter>
    </ClCompile>
    <ClCompile Include="observer.cpp">
      <Filter>Arquivos de Origem\Control</Filter>
    </ClCompile>
    <ClCompile Include="inputmanager.cpp">
      <Filter>Arquivos de Origem\Managers</Filter>
    </ClCompile>
    <ClCompile Include="playercontrol.cpp">
      <Filter>Arquivos de Origem\Control</Filter>
    </ClCompile>
    <ClCompile Include="animation.cpp">
      <Filter>Arquivos de Origem\GraphicalElements</Filter>
    </ClCompile>
    <ClCompile Include="singleanimation.cpp">
      <Filter>Arquivos de Origem\GraphicalElements</Filter>
    </ClCompile>
    <ClCompile Include="singleframeanimation.cpp">
      <Filter>Arquivos de Origem\GraphicalElements</Filter>
    </ClCompile>
    <ClCompile Include="multiframeanimation.cpp">
      <Filter>Arquivos de Origem\GraphicalElements</Filter>
    </ClCompile>
    <ClCompile Include="eventmanager.cpp">
      <Filter>Arquivos de Origem\Managers</Filter>
    </ClCompile>
    <ClCompile Include="staticentity.cpp">
      <Filter>Arquivos de Origem\Entities</Filter>
    </ClCompile>
    <ClCompile Include="platform.cpp">
      <Filter>Arquivos de Origem\Entities\Obstacles</Filter>
    </ClCompile>
    <ClCompile Include="enemy.cpp">
      <Filter>Arquivos de Origem\Entities\Characters\Enemies</Filter>
    </ClCompile>
    <ClCompile Include="skeleton.cpp">
      <Filter>Arquivos de Origem\Entities\Characters\Enemies</Filter>
    </ClCompile>
    <ClCompile Include="goblin.cpp">
      <Filter>Arquivos de Origem\Entities\Characters\Enemies</Filter>
    </ClCompile>
    <ClCompile Include="fire.cpp">
      <Filter>Arquivos de Origem\Entities\Obstacles</Filter>
    </ClCompile>
    <ClCompile Include="game.cpp">
      <Filter>Arquivos de Origem\States</Filter>
    </ClCompile>
    <ClCompile Include="entitylist.cpp">
      <Filter>Arquivos de Origem\List</Filter>
    </ClCompile>
    <ClCompile Include="collisionmanager.cpp">
      <Filter>Arquivos de Origem\Managers</Filter>
    </ClCompile>
  </ItemGroup>
  <ItemGroup>
    <ClInclude Include="std.h">
      <Filter>Arquivos de Cabeçalho</Filter>
    </ClInclude>
    <ClInclude Include="coordinate.h">
      <Filter>Arquivos de Cabeçalho\Math</Filter>
    </ClInclude>
    <ClInclude Include="graphicmanager.h">
      <Filter>Arquivos de Cabeçalho\Managers</Filter>
    </ClInclude>
    <ClInclude Include="ent.h">
      <Filter>Arquivos de Cabeçalho</Filter>
    </ClInclude>
    <ClInclude Include="entity.h">
      <Filter>Arquivos de Cabeçalho\Entities</Filter>
    </ClInclude>
    <ClInclude Include="movingentity.h">
      <Filter>Arquivos de Cabeçalho\Entities</Filter>
    </ClInclude>
    <ClInclude Include="character.h">
      <Filter>Arquivos de Cabeçalho\Entities\Characters</Filter>
    </ClInclude>
    <ClInclude Include="player.h">
      <Filter>Arquivos de Cabeçalho\Entities\Characters</Filter>
    </ClInclude>
    <ClInclude Include="enemy.h">
      <Filter>Arquivos de Cabeçalho\Entities\Characters\Enemies</Filter>
    </ClInclude>
    <ClInclude Include="goblin.h">
      <Filter>Arquivos de Cabeçalho\Entities\Characters\Enemies</Filter>
    </ClInclude>
    <ClInclude Include="skeleton.h">
      <Filter>Arquivos de Cabeçalho\Entities\Characters\Enemies</Filter>
    </ClInclude>
    <ClInclude Include="inputmanager.h">
      <Filter>Arquivos de Cabeçalho\Managers</Filter>
    </ClInclude>
    <ClInclude Include="observer.h">
      <Filter>Arquivos de Cabeçalho\Control</Filter>
    </ClInclude>
    <ClInclude Include="playercontrol.h">
      <Filter>Arquivos de Cabeçalho\Control</Filter>
    </ClInclude>
    <ClInclude Include="eventmanager.h">
      <Filter>Arquivos de Cabeçalho\Managers</Filter>
    </ClInclude>
    <ClInclude Include="animation.h">
      <Filter>Arquivos de Cabeçalho\GraphicalElements</Filter>
    </ClInclude>
    <ClInclude Include="singleanimation.h">
      <Filter>Arquivos de Cabeçalho\GraphicalElements</Filter>
    </ClInclude>
    <ClInclude Include="singleframeanimation.h">
      <Filter>Arquivos de Cabeçalho\GraphicalElements</Filter>
    </ClInclude>
    <ClInclude Include="multiframeanimation.h">
      <Filter>Arquivos de Cabeçalho\GraphicalElements</Filter>
    </ClInclude>
    <ClInclude Include="paths.h">
      <Filter>Arquivos de Cabeçalho</Filter>
    </ClInclude>
    <ClInclude Include="constants.h">
      <Filter>Arquivos de Cabeçalho</Filter>
    </ClInclude>
    <ClInclude Include="platform.h">
      <Filter>Arquivos de Cabeçalho\Entities\Obstacles</Filter>
    </ClInclude>
    <ClInclude Include="staticentity.h">
      <Filter>Arquivos de Cabeçalho\Entities</Filter>
    </ClInclude>
    <ClInclude Include="collisionmanager.h">
      <Filter>Arquivos de Cabeçalho\Managers</Filter>
    </ClInclude>
    <ClInclude Include="fire.h">
      <Filter>Arquivos de Cabeçalho\Entities\Obstacles</Filter>
    </ClInclude>
    <ClInclude Include="list.h">
      <Filter>Arquivos de Cabeçalho\List</Filter>
    </ClInclude>
    <ClInclude Include="game.h">
      <Filter>Arquivos de Cabeçalho\States</Filter>
    </ClInclude>
    <ClInclude Include="entitylist.h">
      <Filter>Arquivos de Cabeçalho\List</Filter>
    </ClInclude>
  </ItemGroup>
</Project>